
Microsoft Visual Studio Solution File, Format Version 12.00
# Visual Studio Version 17
VisualStudioVersion = 17.0.31903.59
MinimumVisualStudioVersion = 10.0.40219.1
Project("{9A19103F-16F7-4668-BE54-9A1E7A4F7556}") = "Capstone", "Capstone\Capstone.csproj", "{B62C09BC-41C1-455F-AC58-53655F773B09}"
EndProject
Project("{2150E333-8FDC-42A3-9474-1A3956D46DE8}") = "Solution Items", "Solution Items", "{B846207D-7769-4D73-8EB6-B00500152208}"
	ProjectSection(SolutionItems) = preProject
		.gitignore = .gitignore
	EndProjectSection
EndProject
Global
	GlobalSection(SolutionConfigurationPlatforms) = preSolution
		Debug|Any CPU = Debug|Any CPU
		Release|Any CPU = Release|Any CPU
	EndGlobalSection
	GlobalSection(ProjectConfigurationPlatforms) = postSolution
		{B62C09BC-41C1-455F-AC58-53655F773B09}.Debug|Any CPU.ActiveCfg = Debug|Any CPU
		{B62C09BC-41C1-455F-AC58-53655F773B09}.Debug|Any CPU.Build.0 = Debug|Any CPU
		{B62C09BC-41C1-455F-AC58-53655F773B09}.Release|Any CPU.ActiveCfg = Release|Any CPU
		{B62C09BC-41C1-455F-AC58-53655F773B09}.Release|Any CPU.Build.0 = Release|Any CPU
	EndGlobalSection
	GlobalSection(SolutionProperties) = preSolution
		HideSolutionNode = FALSE
	EndGlobalSection
	GlobalSection(ExtensibilityGlobals) = postSolution
		SolutionGuid = {514B6D90-F255-4958-9AFA-58955695B082}
	EndGlobalSection
EndGlobal
